
Microsoft Visual Studio Solution File, Format Version 12.00
# Visual Studio 15
VisualStudioVersion = 15.0.26124.0
MinimumVisualStudioVersion = 15.0.26124.0
Project("{FAE04EC0-301F-11D3-BF4B-00C04F79EFBC}") = "Domain", "Domain\Domain.csproj", "{7C1289EF-2C7B-4048-B889-F15125BC4CE7}"
EndProject
Project("{FAE04EC0-301F-11D3-BF4B-00C04F79EFBC}") = "Application", "Application\Application.csproj", "{B1E5E755-2EF6-4535-997E-19D01095855E}"
EndProject
Project("{FAE04EC0-301F-11D3-BF4B-00C04F79EFBC}") = "Persistence", "Persistence\Persistence.csproj", "{D7E1BC87-97C1-4481-93BC-C2AFA406B85F}"
EndProject
Project("{FAE04EC0-301F-11D3-BF4B-00C04F79EFBC}") = "API", "API\API.csproj", "{5AD2BCD0-D142-4995-8B20-B31A4DDE1E25}"
EndProject
Global
	GlobalSection(SolutionConfigurationPlatforms) = preSolution
		Debug|Any CPU = Debug|Any CPU
		Debug|x64 = Debug|x64
		Debug|x86 = Debug|x86
		Release|Any CPU = Release|Any CPU
		Release|x64 = Release|x64
		Release|x86 = Release|x86
	EndGlobalSection
	GlobalSection(SolutionProperties) = preSolution
		HideSolutionNode = FALSE
	EndGlobalSection
	GlobalSection(ProjectConfigurationPlatforms) = postSolution
		{7C1289EF-2C7B-4048-B889-F15125BC4CE7}.Debug|Any CPU.ActiveCfg = Debug|Any CPU
		{7C1289EF-2C7B-4048-B889-F15125BC4CE7}.Debug|Any CPU.Build.0 = Debug|Any CPU
		{7C1289EF-2C7B-4048-B889-F15125BC4CE7}.Debug|x64.ActiveCfg = Debug|Any CPU
		{7C1289EF-2C7B-4048-B889-F15125BC4CE7}.Debug|x64.Build.0 = Debug|Any CPU
		{7C1289EF-2C7B-4048-B889-F15125BC4CE7}.Debug|x86.ActiveCfg = Debug|Any CPU
		{7C1289EF-2C7B-4048-B889-F15125BC4CE7}.Debug|x86.Build.0 = Debug|Any CPU
		{7C1289EF-2C7B-4048-B889-F15125BC4CE7}.Release|Any CPU.ActiveCfg = Release|Any CPU
		{7C1289EF-2C7B-4048-B889-F15125BC4CE7}.Release|Any CPU.Build.0 = Release|Any CPU
		{7C1289EF-2C7B-4048-B889-F15125BC4CE7}.Release|x64.ActiveCfg = Release|Any CPU
		{7C1289EF-2C7B-4048-B889-F15125BC4CE7}.Release|x64.Build.0 = Release|Any CPU
		{7C1289EF-2C7B-4048-B889-F15125BC4CE7}.Release|x86.ActiveCfg = Release|Any CPU
		{7C1289EF-2C7B-4048-B889-F15125BC4CE7}.Release|x86.Build.0 = Release|Any CPU
		{B1E5E755-2EF6-4535-997E-19D01095855E}.Debug|Any CPU.ActiveCfg = Debug|Any CPU
		{B1E5E755-2EF6-4535-997E-19D01095855E}.Debug|Any CPU.Build.0 = Debug|Any CPU
		{B1E5E755-2EF6-4535-997E-19D01095855E}.Debug|x64.ActiveCfg = Debug|Any CPU
		{B1E5E755-2EF6-4535-997E-19D01095855E}.Debug|x64.Build.0 = Debug|Any CPU
		{B1E5E755-2EF6-4535-997E-19D01095855E}.Debug|x86.ActiveCfg = Debug|Any CPU
		{B1E5E755-2EF6-4535-997E-19D01095855E}.Debug|x86.Build.0 = Debug|Any CPU
		{B1E5E755-2EF6-4535-997E-19D01095855E}.Release|Any CPU.ActiveCfg = Release|Any CPU
		{B1E5E755-2EF6-4535-997E-19D01095855E}.Release|Any CPU.Build.0 = Release|Any CPU
		{B1E5E755-2EF6-4535-997E-19D01095855E}.Release|x64.ActiveCfg = Release|Any CPU
		{B1E5E755-2EF6-4535-997E-19D01095855E}.Release|x64.Build.0 = Release|Any CPU
		{B1E5E755-2EF6-4535-997E-19D01095855E}.Release|x86.ActiveCfg = Release|Any CPU
		{B1E5E755-2EF6-4535-997E-19D01095855E}.Release|x86.Build.0 = Release|Any CPU
		{D7E1BC87-97C1-4481-93BC-C2AFA406B85F}.Debug|Any CPU.ActiveCfg = Debug|Any CPU
		{D7E1BC87-97C1-4481-93BC-C2AFA406B85F}.Debug|Any CPU.Build.0 = Debug|Any CPU
		{D7E1BC87-97C1-4481-93BC-C2AFA406B85F}.Debug|x64.ActiveCfg = Debug|Any CPU
		{D7E1BC87-97C1-4481-93BC-C2AFA406B85F}.Debug|x64.Build.0 = Debug|Any CPU
		{D7E1BC87-97C1-4481-93BC-C2AFA406B85F}.Debug|x86.ActiveCfg = Debug|Any CPU
		{D7E1BC87-97C1-4481-93BC-C2AFA406B85F}.Debug|x86.Build.0 = Debug|Any CPU
		{D7E1BC87-97C1-4481-93BC-C2AFA406B85F}.Release|Any CPU.ActiveCfg = Release|Any CPU
		{D7E1BC87-97C1-4481-93BC-C2AFA406B85F}.Release|Any CPU.Build.0 = Release|Any CPU
		{D7E1BC87-97C1-4481-93BC-C2AFA406B85F}.Release|x64.ActiveCfg = Release|Any CPU
		{D7E1BC87-97C1-4481-93BC-C2AFA406B85F}.Release|x64.Build.0 = Release|Any CPU
		{D7E1BC87-97C1-4481-93BC-C2AFA406B85F}.Release|x86.ActiveCfg = Release|Any CPU
		{D7E1BC87-97C1-4481-93BC-C2AFA406B85F}.Release|x86.Build.0 = Release|Any CPU
		{5AD2BCD0-D142-4995-8B20-B31A4DDE1E25}.Debug|Any CPU.ActiveCfg = Debug|Any CPU
		{5AD2BCD0-D142-4995-8B20-B31A4DDE1E25}.Debug|Any CPU.Build.0 = Debug|Any CPU
		{5AD2BCD0-D142-4995-8B20-B31A4DDE1E25}.Debug|x64.ActiveCfg = Debug|Any CPU
		{5AD2BCD0-D142-4995-8B20-B31A4DDE1E25}.Debug|x64.Build.0 = Debug|Any CPU
		{5AD2BCD0-D142-4995-8B20-B31A4DDE1E25}.Debug|x86.ActiveCfg = Debug|Any CPU
		{5AD2BCD0-D142-4995-8B20-B31A4DDE1E25}.Debug|x86.Build.0 = Debug|Any CPU
		{5AD2BCD0-D142-4995-8B20-B31A4DDE1E25}.Release|Any CPU.ActiveCfg = Release|Any CPU
		{5AD2BCD0-D142-4995-8B20-B31A4DDE1E25}.Release|Any CPU.Build.0 = Release|Any CPU
		{5AD2BCD0-D142-4995-8B20-B31A4DDE1E25}.Release|x64.ActiveCfg = Release|Any CPU
		{5AD2BCD0-D142-4995-8B20-B31A4DDE1E25}.Release|x64.Build.0 = Release|Any CPU
		{5AD2BCD0-D142-4995-8B20-B31A4DDE1E25}.Release|x86.ActiveCfg = Release|Any CPU
		{5AD2BCD0-D142-4995-8B20-B31A4DDE1E25}.Release|x86.Build.0 = Release|Any CPU
	EndGlobalSection
EndGlobal
